
Microsoft Visual Studio Solution File, Format Version 12.00
# Visual Studio Version 17
VisualStudioVersion = 17.6.33815.320
MinimumVisualStudioVersion = 10.0.40219.1
Project("{2150E333-8FDC-42A3-9474-1A3956D46DE8}") = "src", "src", "{2BC94D26-22C6-4A8C-8318-F97F43716A63}"
EndProject
Project("{2150E333-8FDC-42A3-9474-1A3956D46DE8}") = "test", "test", "{51451FF1-3838-4CEE-9843-B32E799B67D4}"
EndProject
Project("{FAE04EC0-301F-11D3-BF4B-00C04F79EFBC}") = "CSAPITesting", "CSAPITesting\CSAPITesting.csproj", "{307B7041-991C-4245-A12C-FB55512FFBD0}"
EndProject
Project("{2150E333-8FDC-42A3-9474-1A3956D46DE8}") = "Infrastructure", "Infrastructure", "{5163F3EB-23B8-4592-B818-F96D95B1F5E2}"
EndProject
Project("{2150E333-8FDC-42A3-9474-1A3956D46DE8}") = "API", "API", "{6DDB0837-FECF-4E76-9197-3C5B010C0FBE}"
EndProject
Project("{2150E333-8FDC-42A3-9474-1A3956D46DE8}") = "UI", "UI", "{65146949-CD20-497B-8A7F-F6E19DE85A87}"
EndProject
Project("{2150E333-8FDC-42A3-9474-1A3956D46DE8}") = "Core", "Core", "{892A8D66-6600-4E1D-A4BC-7447E1C3286C}"
EndProject
Project("{FAE04EC0-301F-11D3-BF4B-00C04F79EFBC}") = "Orical.API", "API\Orical.API.csproj", "{13BE5358-B0CD-4459-82F2-B5827DBD5F77}"
EndProject
Project("{2150E333-8FDC-42A3-9474-1A3956D46DE8}") = "Jobs", "Jobs", "{3C6FB528-0170-45E6-97E0-BC21A776A824}"
EndProject
Project("{FAE04EC0-301F-11D3-BF4B-00C04F79EFBC}") = "CS.Core", "CS.Core\CS.Core.csproj", "{372210AB-8FAF-4C5F-B4C5-D91BB7FA2E6E}"
EndProject
Global
	GlobalSection(SolutionConfigurationPlatforms) = preSolution
		Debug|Any CPU = Debug|Any CPU
		Release|Any CPU = Release|Any CPU
	EndGlobalSection
	GlobalSection(ProjectConfigurationPlatforms) = postSolution
		{307B7041-991C-4245-A12C-FB55512FFBD0}.Debug|Any CPU.ActiveCfg = Debug|Any CPU
		{307B7041-991C-4245-A12C-FB55512FFBD0}.Debug|Any CPU.Build.0 = Debug|Any CPU
		{307B7041-991C-4245-A12C-FB55512FFBD0}.Release|Any CPU.ActiveCfg = Release|Any CPU
		{307B7041-991C-4245-A12C-FB55512FFBD0}.Release|Any CPU.Build.0 = Release|Any CPU
		{13BE5358-B0CD-4459-82F2-B5827DBD5F77}.Debug|Any CPU.ActiveCfg = Debug|Any CPU
		{13BE5358-B0CD-4459-82F2-B5827DBD5F77}.Debug|Any CPU.Build.0 = Debug|Any CPU
		{13BE5358-B0CD-4459-82F2-B5827DBD5F77}.Release|Any CPU.ActiveCfg = Release|Any CPU
		{13BE5358-B0CD-4459-82F2-B5827DBD5F77}.Release|Any CPU.Build.0 = Release|Any CPU
		{372210AB-8FAF-4C5F-B4C5-D91BB7FA2E6E}.Debug|Any CPU.ActiveCfg = Debug|Any CPU
		{372210AB-8FAF-4C5F-B4C5-D91BB7FA2E6E}.Debug|Any CPU.Build.0 = Debug|Any CPU
		{372210AB-8FAF-4C5F-B4C5-D91BB7FA2E6E}.Release|Any CPU.ActiveCfg = Release|Any CPU
		{372210AB-8FAF-4C5F-B4C5-D91BB7FA2E6E}.Release|Any CPU.Build.0 = Release|Any CPU
	EndGlobalSection
	GlobalSection(SolutionProperties) = preSolution
		HideSolutionNode = FALSE
	EndGlobalSection
	GlobalSection(NestedProjects) = preSolution
		{307B7041-991C-4245-A12C-FB55512FFBD0} = {51451FF1-3838-4CEE-9843-B32E799B67D4}
		{5163F3EB-23B8-4592-B818-F96D95B1F5E2} = {2BC94D26-22C6-4A8C-8318-F97F43716A63}
		{6DDB0837-FECF-4E76-9197-3C5B010C0FBE} = {2BC94D26-22C6-4A8C-8318-F97F43716A63}
		{65146949-CD20-497B-8A7F-F6E19DE85A87} = {2BC94D26-22C6-4A8C-8318-F97F43716A63}
		{892A8D66-6600-4E1D-A4BC-7447E1C3286C} = {2BC94D26-22C6-4A8C-8318-F97F43716A63}
		{13BE5358-B0CD-4459-82F2-B5827DBD5F77} = {6DDB0837-FECF-4E76-9197-3C5B010C0FBE}
		{3C6FB528-0170-45E6-97E0-BC21A776A824} = {2BC94D26-22C6-4A8C-8318-F97F43716A63}
		{372210AB-8FAF-4C5F-B4C5-D91BB7FA2E6E} = {892A8D66-6600-4E1D-A4BC-7447E1C3286C}
	EndGlobalSection
	GlobalSection(ExtensibilityGlobals) = postSolution
		SolutionGuid = {CDA7364F-72B3-440C-9398-1B3140A3472A}
	EndGlobalSection
EndGlobal
